
Microsoft Visual Studio Solution File, Format Version 12.00
# Visual Studio Version 16
VisualStudioVersion = 16.0.30204.135
MinimumVisualStudioVersion = 10.0.40219.1
Project("{FAE04EC0-301F-11D3-BF4B-00C04F79EFBC}") = "LearningCSharp", "LearningCSharp\LearningCSharp.csproj", "{C638E015-20AD-44CA-8875-1C4D3384C320}"
EndProject
Global
	GlobalSection(SolutionConfigurationPlatforms) = preSolution
		Debug|Any CPU = Debug|Any CPU
		Release|Any CPU = Release|Any CPU
	EndGlobalSection
	GlobalSection(ProjectConfigurationPlatforms) = postSolution
		{C638E015-20AD-44CA-8875-1C4D3384C320}.Debug|Any CPU.ActiveCfg = Debug|Any CPU
		{C638E015-20AD-44CA-8875-1C4D3384C320}.Debug|Any CPU.Build.0 = Debug|Any CPU
		{C638E015-20AD-44CA-8875-1C4D3384C320}.Release|Any CPU.ActiveCfg = Release|Any CPU
		{C638E015-20AD-44CA-8875-1C4D3384C320}.Release|Any CPU.Build.0 = Release|Any CPU
	EndGlobalSection
	GlobalSection(SolutionProperties) = preSolution
		HideSolutionNode = FALSE
	EndGlobalSection
	GlobalSection(ExtensibilityGlobals) = postSolution
		SolutionGuid = {7A195168-75E8-450E-B6FA-F4AD36CC55F7}
	EndGlobalSection
EndGlobal
